
Microsoft Visual Studio Solution File, Format Version 12.00
# Visual Studio 15
VisualStudioVersion = 15.0.27703.2042
MinimumVisualStudioVersion = 10.0.40219.1
Project("{FAE04EC0-301F-11D3-BF4B-00C04F79EFBC}") = "RC.ADS.WebAPP", "RC.ADS.WebAPP\RC.ADS.WebAPP.csproj", "{3F457BA2-CE1A-4EA5-8C10-B4DCAB65DC2A}"
EndProject
Project("{FAE04EC0-301F-11D3-BF4B-00C04F79EFBC}") = "RC.ADS.Data", "RC.ADS.Data\RC.ADS.Data.csproj", "{280D711E-2BE8-46B2-A1C3-61A24B7AB6BC}"
EndProject
Global
	GlobalSection(SolutionConfigurationPlatforms) = preSolution
		Debug|Any CPU = Debug|Any CPU
		Release|Any CPU = Release|Any CPU
	EndGlobalSection
	GlobalSection(ProjectConfigurationPlatforms) = postSolution
		{3F457BA2-CE1A-4EA5-8C10-B4DCAB65DC2A}.Debug|Any CPU.ActiveCfg = Debug|Any CPU
		{3F457BA2-CE1A-4EA5-8C10-B4DCAB65DC2A}.Debug|Any CPU.Build.0 = Debug|Any CPU
		{3F457BA2-CE1A-4EA5-8C10-B4DCAB65DC2A}.Release|Any CPU.ActiveCfg = Release|Any CPU
		{3F457BA2-CE1A-4EA5-8C10-B4DCAB65DC2A}.Release|Any CPU.Build.0 = Release|Any CPU
		{280D711E-2BE8-46B2-A1C3-61A24B7AB6BC}.Debug|Any CPU.ActiveCfg = Debug|Any CPU
		{280D711E-2BE8-46B2-A1C3-61A24B7AB6BC}.Debug|Any CPU.Build.0 = Debug|Any CPU
		{280D711E-2BE8-46B2-A1C3-61A24B7AB6BC}.Release|Any CPU.ActiveCfg = Release|Any CPU
		{280D711E-2BE8-46B2-A1C3-61A24B7AB6BC}.Release|Any CPU.Build.0 = Release|Any CPU
	EndGlobalSection
	GlobalSection(SolutionProperties) = preSolution
		HideSolutionNode = FALSE
	EndGlobalSection
	GlobalSection(ExtensibilityGlobals) = postSolution
		SolutionGuid = {89C97150-FB74-4CC1-91CC-A8255A093DF9}
	EndGlobalSection
EndGlobal
